
Microsoft Visual Studio Solution File, Format Version 12.00
# Visual Studio Version 16
VisualStudioVersion = 16.0.30804.86
MinimumVisualStudioVersion = 10.0.40219.1
Project("{8BC9CEB8-8B4A-11D0-8D11-00A0C91BC942}") = "std_bind", "std_bind\std_bind.vcxproj", "{5CA5AD14-07C0-4E99-92F0-9633F7D469C2}"
EndProject
Project("{8BC9CEB8-8B4A-11D0-8D11-00A0C91BC942}") = "std_unique_pointer", "std_unique_pointer\std_unique_pointer.vcxproj", "{807EF031-6D36-4DD5-9D1C-D91A20D1824F}"
EndProject
Project("{8BC9CEB8-8B4A-11D0-8D11-00A0C91BC942}") = "FunctionPointers", "FunctionPointers\FunctionPointers.vcxproj", "{FB5EA08D-962B-4C8D-99D6-F6C8BB21CEDE}"
EndProject
Project("{8BC9CEB8-8B4A-11D0-8D11-00A0C91BC942}") = "Exceptions", "Exceptions\Exceptions.vcxproj", "{D20AA303-1914-4609-94FC-93987788A804}"
EndProject
Project("{8BC9CEB8-8B4A-11D0-8D11-00A0C91BC942}") = "VectorImplementation", "VectorImplementation\VectorImplementation.vcxproj", "{85AA38C4-C2C4-4C7A-89CB-43B8B6711BAA}"
EndProject
Project("{8BC9CEB8-8B4A-11D0-8D11-00A0C91BC942}") = "Ch8_Task1", "Ch8_Task1\Ch8_Task1.vcxproj", "{87286355-6652-4F90-95A9-FB738850F9FA}"
EndProject
Project("{8BC9CEB8-8B4A-11D0-8D11-00A0C91BC942}") = "Ch8_Task7", "Ch8_Task7\Ch8_Task7.vcxproj", "{A912984E-C7A0-497E-AF7F-8021A6F73A27}"
EndProject
Project("{8BC9CEB8-8B4A-11D0-8D11-00A0C91BC942}") = "BTS", "BTS\BTS.vcxproj", "{BBA14689-AC9D-4BE1-8A7F-A0F99AC7AC7D}"
EndProject
Project("{8BC9CEB8-8B4A-11D0-8D11-00A0C91BC942}") = "VecSorting", "VecSorting\VecSorting.vcxproj", "{6DD8FEF7-9E66-49AE-AA24-6F74363CAA4D}"
EndProject
Project("{8BC9CEB8-8B4A-11D0-8D11-00A0C91BC942}") = "QueueTask", "QueueTask\QueueTask.vcxproj", "{B6977AFE-BFE2-487C-A86B-CDE502E909FB}"
EndProject
Project("{8BC9CEB8-8B4A-11D0-8D11-00A0C91BC942}") = "Prata_Ch13_E02", "Prata_Ch13_E02\Prata_Ch13_E02.vcxproj", "{6D3300CF-B7EF-47C2-9A4F-D84F3306EABF}"
EndProject
Project("{8BC9CEB8-8B4A-11D0-8D11-00A0C91BC942}") = "Prata_Ch14_1", "Prata_Ch14_1\Prata_Ch14_1.vcxproj", "{892155FD-286E-433B-A61D-D1A1FB91EA7A}"
EndProject
Project("{8BC9CEB8-8B4A-11D0-8D11-00A0C91BC942}") = "Prata_Ch14_4", "Prata_Ch14_4\Prata_Ch14_4.vcxproj", "{CA385AC7-0B2F-47DE-85E2-7C1E060C06F4}"
EndProject
Project("{8BC9CEB8-8B4A-11D0-8D11-00A0C91BC942}") = "Prata_Ch14_5", "Prata_Ch14_5\Prata_Ch14_5.vcxproj", "{8A8AFA48-769A-4A3F-8213-AEC5765A8333}"
EndProject
Global
	GlobalSection(SolutionConfigurationPlatforms) = preSolution
		Debug|x64 = Debug|x64
		Debug|x86 = Debug|x86
		Release|x64 = Release|x64
		Release|x86 = Release|x86
	EndGlobalSection
	GlobalSection(ProjectConfigurationPlatforms) = postSolution
		{5CA5AD14-07C0-4E99-92F0-9633F7D469C2}.Debug|x64.ActiveCfg = Debug|x64
		{5CA5AD14-07C0-4E99-92F0-9633F7D469C2}.Debug|x64.Build.0 = Debug|x64
		{5CA5AD14-07C0-4E99-92F0-9633F7D469C2}.Debug|x86.ActiveCfg = Debug|Win32
		{5CA5AD14-07C0-4E99-92F0-9633F7D469C2}.Debug|x86.Build.0 = Debug|Win32
		{5CA5AD14-07C0-4E99-92F0-9633F7D469C2}.Release|x64.ActiveCfg = Release|x64
		{5CA5AD14-07C0-4E99-92F0-9633F7D469C2}.Release|x64.Build.0 = Release|x64
		{5CA5AD14-07C0-4E99-92F0-9633F7D469C2}.Release|x86.ActiveCfg = Release|Win32
		{5CA5AD14-07C0-4E99-92F0-9633F7D469C2}.Release|x86.Build.0 = Release|Win32
		{807EF031-6D36-4DD5-9D1C-D91A20D1824F}.Debug|x64.ActiveCfg = Debug|x64
		{807EF031-6D36-4DD5-9D1C-D91A20D1824F}.Debug|x64.Build.0 = Debug|x64
		{807EF031-6D36-4DD5-9D1C-D91A20D1824F}.Debug|x86.ActiveCfg = Debug|Win32
		{807EF031-6D36-4DD5-9D1C-D91A20D1824F}.Debug|x86.Build.0 = Debug|Win32
		{807EF031-6D36-4DD5-9D1C-D91A20D1824F}.Release|x64.ActiveCfg = Release|x64
		{807EF031-6D36-4DD5-9D1C-D91A20D1824F}.Release|x64.Build.0 = Release|x64
		{807EF031-6D36-4DD5-9D1C-D91A20D1824F}.Release|x86.ActiveCfg = Release|Win32
		{807EF031-6D36-4DD5-9D1C-D91A20D1824F}.Release|x86.Build.0 = Release|Win32
		{FB5EA08D-962B-4C8D-99D6-F6C8BB21CEDE}.Debug|x64.ActiveCfg = Debug|x64
		{FB5EA08D-962B-4C8D-99D6-F6C8BB21CEDE}.Debug|x64.Build.0 = Debug|x64
		{FB5EA08D-962B-4C8D-99D6-F6C8BB21CEDE}.Debug|x86.ActiveCfg = Debug|Win32
		{FB5EA08D-962B-4C8D-99D6-F6C8BB21CEDE}.Debug|x86.Build.0 = Debug|Win32
		{FB5EA08D-962B-4C8D-99D6-F6C8BB21CEDE}.Release|x64.ActiveCfg = Release|x64
		{FB5EA08D-962B-4C8D-99D6-F6C8BB21CEDE}.Release|x64.Build.0 = Release|x64
		{FB5EA08D-962B-4C8D-99D6-F6C8BB21CEDE}.Release|x86.ActiveCfg = Release|Win32
		{FB5EA08D-962B-4C8D-99D6-F6C8BB21CEDE}.Release|x86.Build.0 = Release|Win32
		{D20AA303-1914-4609-94FC-93987788A804}.Debug|x64.ActiveCfg = Debug|x64
		{D20AA303-1914-4609-94FC-93987788A804}.Debug|x64.Build.0 = Debug|x64
		{D20AA303-1914-4609-94FC-93987788A804}.Debug|x86.ActiveCfg = Debug|Win32
		{D20AA303-1914-4609-94FC-93987788A804}.Debug|x86.Build.0 = Debug|Win32
		{D20AA303-1914-4609-94FC-93987788A804}.Release|x64.ActiveCfg = Release|x64
		{D20AA303-1914-4609-94FC-93987788A804}.Release|x64.Build.0 = Release|x64
		{D20AA303-1914-4609-94FC-93987788A804}.Release|x86.ActiveCfg = Release|Win32
		{D20AA303-1914-4609-94FC-93987788A804}.Release|x86.Build.0 = Release|Win32
		{85AA38C4-C2C4-4C7A-89CB-43B8B6711BAA}.Debug|x64.ActiveCfg = Debug|x64
		{85AA38C4-C2C4-4C7A-89CB-43B8B6711BAA}.Debug|x64.Build.0 = Debug|x64
		{85AA38C4-C2C4-4C7A-89CB-43B8B6711BAA}.Debug|x86.ActiveCfg = Debug|Win32
		{85AA38C4-C2C4-4C7A-89CB-43B8B6711BAA}.Debug|x86.Build.0 = Debug|Win32
		{85AA38C4-C2C4-4C7A-89CB-43B8B6711BAA}.Release|x64.ActiveCfg = Release|x64
		{85AA38C4-C2C4-4C7A-89CB-43B8B6711BAA}.Release|x64.Build.0 = Release|x64
		{85AA38C4-C2C4-4C7A-89CB-43B8B6711BAA}.Release|x86.ActiveCfg = Release|Win32
		{85AA38C4-C2C4-4C7A-89CB-43B8B6711BAA}.Release|x86.Build.0 = Release|Win32
		{87286355-6652-4F90-95A9-FB738850F9FA}.Debug|x64.ActiveCfg = Debug|x64
		{87286355-6652-4F90-95A9-FB738850F9FA}.Debug|x64.Build.0 = Debug|x64
		{87286355-6652-4F90-95A9-FB738850F9FA}.Debug|x86.ActiveCfg = Debug|Win32
		{87286355-6652-4F90-95A9-FB738850F9FA}.Debug|x86.Build.0 = Debug|Win32
		{87286355-6652-4F90-95A9-FB738850F9FA}.Release|x64.ActiveCfg = Release|x64
		{87286355-6652-4F90-95A9-FB738850F9FA}.Release|x64.Build.0 = Release|x64
		{87286355-6652-4F90-95A9-FB738850F9FA}.Release|x86.ActiveCfg = Release|Win32
		{87286355-6652-4F90-95A9-FB738850F9FA}.Release|x86.Build.0 = Release|Win32
		{A912984E-C7A0-497E-AF7F-8021A6F73A27}.Debug|x64.ActiveCfg = Debug|x64
		{A912984E-C7A0-497E-AF7F-8021A6F73A27}.Debug|x64.Build.0 = Debug|x64
		{A912984E-C7A0-497E-AF7F-8021A6F73A27}.Debug|x86.ActiveCfg = Debug|Win32
		{A912984E-C7A0-497E-AF7F-8021A6F73A27}.Debug|x86.Build.0 = Debug|Win32
		{A912984E-C7A0-497E-AF7F-8021A6F73A27}.Release|x64.ActiveCfg = Release|x64
		{A912984E-C7A0-497E-AF7F-8021A6F73A27}.Release|x64.Build.0 = Release|x64
		{A912984E-C7A0-497E-AF7F-8021A6F73A27}.Release|x86.ActiveCfg = Release|Win32
		{A912984E-C7A0-497E-AF7F-8021A6F73A27}.Release|x86.Build.0 = Release|Win32
		{BBA14689-AC9D-4BE1-8A7F-A0F99AC7AC7D}.Debug|x64.ActiveCfg = Debug|x64
		{BBA14689-AC9D-4BE1-8A7F-A0F99AC7AC7D}.Debug|x64.Build.0 = Debug|x64
		{BBA14689-AC9D-4BE1-8A7F-A0F99AC7AC7D}.Debug|x86.ActiveCfg = Debug|Win32
		{BBA14689-AC9D-4BE1-8A7F-A0F99AC7AC7D}.Debug|x86.Build.0 = Debug|Win32
		{BBA14689-AC9D-4BE1-8A7F-A0F99AC7AC7D}.Release|x64.ActiveCfg = Release|x64
		{BBA14689-AC9D-4BE1-8A7F-A0F99AC7AC7D}.Release|x64.Build.0 = Release|x64
		{BBA14689-AC9D-4BE1-8A7F-A0F99AC7AC7D}.Release|x86.ActiveCfg = Release|Win32
		{BBA14689-AC9D-4BE1-8A7F-A0F99AC7AC7D}.Release|x86.Build.0 = Release|Win32
		{6DD8FEF7-9E66-49AE-AA24-6F74363CAA4D}.Debug|x64.ActiveCfg = Debug|x64
		{6DD8FEF7-9E66-49AE-AA24-6F74363CAA4D}.Debug|x64.Build.0 = Debug|x64
		{6DD8FEF7-9E66-49AE-AA24-6F74363CAA4D}.Debug|x86.ActiveCfg = Debug|Win32
		{6DD8FEF7-9E66-49AE-AA24-6F74363CAA4D}.Debug|x86.Build.0 = Debug|Win32
		{6DD8FEF7-9E66-49AE-AA24-6F74363CAA4D}.Release|x64.ActiveCfg = Release|x64
		{6DD8FEF7-9E66-49AE-AA24-6F74363CAA4D}.Release|x64.Build.0 = Release|x64
		{6DD8FEF7-9E66-49AE-AA24-6F74363CAA4D}.Release|x86.ActiveCfg = Release|Win32
		{6DD8FEF7-9E66-49AE-AA24-6F74363CAA4D}.Release|x86.Build.0 = Release|Win32
		{B6977AFE-BFE2-487C-A86B-CDE502E909FB}.Debug|x64.ActiveCfg = Debug|x64
		{B6977AFE-BFE2-487C-A86B-CDE502E909FB}.Debug|x64.Build.0 = Debug|x64
		{B6977AFE-BFE2-487C-A86B-CDE502E909FB}.Debug|x86.ActiveCfg = Debug|Win32
		{B6977AFE-BFE2-487C-A86B-CDE502E909FB}.Debug|x86.Build.0 = Debug|Win32
		{B6977AFE-BFE2-487C-A86B-CDE502E909FB}.Release|x64.ActiveCfg = Release|x64
		{B6977AFE-BFE2-487C-A86B-CDE502E909FB}.Release|x64.Build.0 = Release|x64
		{B6977AFE-BFE2-487C-A86B-CDE502E909FB}.Release|x86.ActiveCfg = Release|Win32
		{B6977AFE-BFE2-487C-A86B-CDE502E909FB}.Release|x86.Build.0 = Release|Win32
		{6D3300CF-B7EF-47C2-9A4F-D84F3306EABF}.Debug|x64.ActiveCfg = Debug|x64
		{6D3300CF-B7EF-47C2-9A4F-D84F3306EABF}.Debug|x64.Build.0 = Debug|x64
		{6D3300CF-B7EF-47C2-9A4F-D84F3306EABF}.Debug|x86.ActiveCfg = Debug|Win32
		{6D3300CF-B7EF-47C2-9A4F-D84F3306EABF}.Debug|x86.Build.0 = Debug|Win32
		{6D3300CF-B7EF-47C2-9A4F-D84F3306EABF}.Release|x64.ActiveCfg = Release|x64
		{6D3300CF-B7EF-47C2-9A4F-D84F3306EABF}.Release|x64.Build.0 = Release|x64
		{6D3300CF-B7EF-47C2-9A4F-D84F3306EABF}.Release|x86.ActiveCfg = Release|Win32
		{6D3300CF-B7EF-47C2-9A4F-D84F3306EABF}.Release|x86.Build.0 = Release|Win32
		{892155FD-286E-433B-A61D-D1A1FB91EA7A}.Debug|x64.ActiveCfg = Debug|x64
		{892155FD-286E-433B-A61D-D1A1FB91EA7A}.Debug|x64.Build.0 = Debug|x64
		{892155FD-286E-433B-A61D-D1A1FB91EA7A}.Debug|x86.ActiveCfg = Debug|Win32
		{892155FD-286E-433B-A61D-D1A1FB91EA7A}.Debug|x86.Build.0 = Debug|Win32
		{892155FD-286E-433B-A61D-D1A1FB91EA7A}.Release|x64.ActiveCfg = Release|x64
		{892155FD-286E-433B-A61D-D1A1FB91EA7A}.Release|x64.Build.0 = Release|x64
		{892155FD-286E-433B-A61D-D1A1FB91EA7A}.Release|x86.ActiveCfg = Release|Win32
		{892155FD-286E-433B-A61D-D1A1FB91EA7A}.Release|x86.Build.0 = Release|Win32
		{CA385AC7-0B2F-47DE-85E2-7C1E060C06F4}.Debug|x64.ActiveCfg = Debug|x64
		{CA385AC7-0B2F-47DE-85E2-7C1E060C06F4}.Debug|x64.Build.0 = Debug|x64
		{CA385AC7-0B2F-47DE-85E2-7C1E060C06F4}.Debug|x86.ActiveCfg = Debug|Win32
		{CA385AC7-0B2F-47DE-85E2-7C1E060C06F4}.Debug|x86.Build.0 = Debug|Win32
		{CA385AC7-0B2F-47DE-85E2-7C1E060C06F4}.Release|x64.ActiveCfg = Release|x64
		{CA385AC7-0B2F-47DE-85E2-7C1E060C06F4}.Release|x64.Build.0 = Release|x64
		{CA385AC7-0B2F-47DE-85E2-7C1E060C06F4}.Release|x86.ActiveCfg = Release|Win32
		{CA385AC7-0B2F-47DE-85E2-7C1E060C06F4}.Release|x86.Build.0 = Release|Win32
		{8A8AFA48-769A-4A3F-8213-AEC5765A8333}.Debug|x64.ActiveCfg = Debug|x64
		{8A8AFA48-769A-4A3F-8213-AEC5765A8333}.Debug|x64.Build.0 = Debug|x64
		{8A8AFA48-769A-4A3F-8213-AEC5765A8333}.Debug|x86.ActiveCfg = Debug|Win32
		{8A8AFA48-769A-4A3F-8213-AEC5765A8333}.Debug|x86.Build.0 = Debug|Win32
		{8A8AFA48-769A-4A3F-8213-AEC5765A8333}.Release|x64.ActiveCfg = Release|x64
		{8A8AFA48-769A-4A3F-8213-AEC5765A8333}.Release|x64.Build.0 = Release|x64
		{8A8AFA48-769A-4A3F-8213-AEC5765A8333}.Release|x86.ActiveCfg = Release|Win32
		{8A8AFA48-769A-4A3F-8213-AEC5765A8333}.Release|x86.Build.0 = Release|Win32
	EndGlobalSection
	GlobalSection(SolutionProperties) = preSolution
		HideSolutionNode = FALSE
	EndGlobalSection
	GlobalSection(ExtensibilityGlobals) = postSolution
		SolutionGuid = {E6EA50FF-7310-4CEB-B054-62201FFF411A}
	EndGlobalSection
EndGlobal
